
Microsoft Visual Studio Solution File, Format Version 12.00
# Visual Studio Version 17
VisualStudioVersion = 17.5.33424.131
MinimumVisualStudioVersion = 10.0.40219.1
Project("{FAE04EC0-301F-11D3-BF4B-00C04F79EFBC}") = "Route-Coordinator-Service", "Route-Coordinator-Service\Route-Coordinator-Service.csproj", "{476F273F-80C6-4D9F-9B2E-333C05AB26A4}"
EndProject
Global
	GlobalSection(SolutionConfigurationPlatforms) = preSolution
		Debug|Any CPU = Debug|Any CPU
		Release|Any CPU = Release|Any CPU
	EndGlobalSection
	GlobalSection(ProjectConfigurationPlatforms) = postSolution
		{476F273F-80C6-4D9F-9B2E-333C05AB26A4}.Debug|Any CPU.ActiveCfg = Debug|Any CPU
		{476F273F-80C6-4D9F-9B2E-333C05AB26A4}.Debug|Any CPU.Build.0 = Debug|Any CPU
		{476F273F-80C6-4D9F-9B2E-333C05AB26A4}.Release|Any CPU.ActiveCfg = Release|Any CPU
		{476F273F-80C6-4D9F-9B2E-333C05AB26A4}.Release|Any CPU.Build.0 = Release|Any CPU
	EndGlobalSection
	GlobalSection(SolutionProperties) = preSolution
		HideSolutionNode = FALSE
	EndGlobalSection
	GlobalSection(ExtensibilityGlobals) = postSolution
		SolutionGuid = {C5387E16-69B2-4845-A611-33BC7358F59A}
	EndGlobalSection
EndGlobal
